PODS:
  - WeChatCustomerServiceLib (1.0.4)

DEPENDENCIES:
  - WeChatCustomerServiceLib (from `../`)

EXTERNAL SOURCES:
  WeChatCustomerServiceLib:
    :path: "../"

SPEC CHECKSUMS:
  WeChatCustomerServiceLib: cdb1c1deabcc806c6aaeeef58e119ce845830b1f

PODFILE CHECKSUM: 1cd07cf148ed5a55bd02d5657169c0b557a7ac0b

COCOAPODS: 1.11.2
